# Code generated by scarb DO NOT EDIT.
version = 1

[[package]]
name = "alexandria_math"
version = "0.6.0"
source = "registry+https://scarbs.xyz/"
checksum = "sha256:1e08ebba0ed9f7217b8efc283d2ad41730257cf41a47ca88a94fb0fafad22e9e"

[[package]]
name = "openzeppelin"
version = "3.0.0-alpha.1"
source = "git+https://github.com/OpenZeppelin/cairo-contracts#a2bdd1bdbdf96a9291ba0f2269f1e11c451fddb9"
dependencies = [
 "openzeppelin_access",
 "openzeppelin_account",
 "openzeppelin_finance",
 "openzeppelin_governance",
 "openzeppelin_interfaces",
 "openzeppelin_introspection",
 "openzeppelin_merkle_tree",
 "openzeppelin_presets",
 "openzeppelin_security",
 "openzeppelin_token",
 "openzeppelin_upgrades",
 "openzeppelin_utils",
]

[[package]]
name = "openzeppelin_access"
version = "3.0.0-alpha.1"
source = "git+https://github.com/OpenZeppelin/cairo-contracts#a2bdd1bdbdf96a9291ba0f2269f1e11c451fddb9"
dependencies = [
 "openzeppelin_interfaces",
 "openzeppelin_introspection",
]

[[package]]
name = "openzeppelin_account"
version = "3.0.0-alpha.1"
source = "git+https://github.com/OpenZeppelin/cairo-contracts#a2bdd1bdbdf96a9291ba0f2269f1e11c451fddb9"
dependencies = [
 "openzeppelin_interfaces",
 "openzeppelin_introspection",
 "openzeppelin_utils",
]

[[package]]
name = "openzeppelin_finance"
version = "3.0.0-alpha.1"
source = "git+https://github.com/OpenZeppelin/cairo-contracts#a2bdd1bdbdf96a9291ba0f2269f1e11c451fddb9"
dependencies = [
 "openzeppelin_access",
 "openzeppelin_interfaces",
 "openzeppelin_token",
]

[[package]]
name = "openzeppelin_governance"
version = "3.0.0-alpha.1"
source = "git+https://github.com/OpenZeppelin/cairo-contracts#a2bdd1bdbdf96a9291ba0f2269f1e11c451fddb9"
dependencies = [
 "openzeppelin_access",
 "openzeppelin_account",
 "openzeppelin_interfaces",
 "openzeppelin_introspection",
 "openzeppelin_token",
 "openzeppelin_utils",
]

[[package]]
name = "openzeppelin_interfaces"
version = "2.1.0"
source = "git+https://github.com/OpenZeppelin/cairo-contracts#a2bdd1bdbdf96a9291ba0f2269f1e11c451fddb9"

[[package]]
name = "openzeppelin_introspection"
version = "3.0.0-alpha.1"
source = "git+https://github.com/OpenZeppelin/cairo-contracts#a2bdd1bdbdf96a9291ba0f2269f1e11c451fddb9"
dependencies = [
 "openzeppelin_interfaces",
]

[[package]]
name = "openzeppelin_merkle_tree"
version = "3.0.0-alpha.1"
source = "git+https://github.com/OpenZeppelin/cairo-contracts#a2bdd1bdbdf96a9291ba0f2269f1e11c451fddb9"

[[package]]
name = "openzeppelin_presets"
version = "3.0.0-alpha.1"
source = "git+https://github.com/OpenZeppelin/cairo-contracts#a2bdd1bdbdf96a9291ba0f2269f1e11c451fddb9"
dependencies = [
 "openzeppelin_access",
 "openzeppelin_account",
 "openzeppelin_finance",
 "openzeppelin_interfaces",
 "openzeppelin_introspection",
 "openzeppelin_token",
 "openzeppelin_upgrades",
 "openzeppelin_utils",
]

[[package]]
name = "openzeppelin_security"
version = "3.0.0-alpha.1"
source = "git+https://github.com/OpenZeppelin/cairo-contracts#a2bdd1bdbdf96a9291ba0f2269f1e11c451fddb9"
dependencies = [
 "openzeppelin_interfaces",
]

[[package]]
name = "openzeppelin_token"
version = "3.0.0-alpha.1"
source = "git+https://github.com/OpenZeppelin/cairo-contracts#a2bdd1bdbdf96a9291ba0f2269f1e11c451fddb9"
dependencies = [
 "openzeppelin_access",
 "openzeppelin_account",
 "openzeppelin_interfaces",
 "openzeppelin_introspection",
 "openzeppelin_utils",
]

[[package]]
name = "openzeppelin_upgrades"
version = "3.0.0-alpha.1"
source = "git+https://github.com/OpenZeppelin/cairo-contracts#a2bdd1bdbdf96a9291ba0f2269f1e11c451fddb9"

[[package]]
name = "openzeppelin_utils"
version = "3.0.0-alpha.1"
source = "git+https://github.com/OpenZeppelin/cairo-contracts#a2bdd1bdbdf96a9291ba0f2269f1e11c451fddb9"
dependencies = [
 "openzeppelin_interfaces",
]

[[package]]
name = "snforge_scarb_plugin"
version = "0.48.0"
source = "registry+https://scarbs.xyz/"
checksum = "sha256:8630dcf3fa4df36a3d45e6a2d053cf84c548ab154e829fece99373ae5852921c"

[[package]]
name = "snforge_std"
version = "0.48.0"
source = "registry+https://scarbs.xyz/"
checksum = "sha256:981139c83359089540652c44f4a1a888c77409eedaa148377927cc63a604b67b"
dependencies = [
 "snforge_scarb_plugin",
]

[[package]]
name = "starknet_vault_kit"
version = "0.1.0"
dependencies = [
 "snforge_std",
 "vault",
 "vault_allocator",
]

[[package]]
name = "vault"
version = "0.1.0"
dependencies = [
 "alexandria_math",
 "openzeppelin",
 "snforge_std",
 "vault_allocator",
]

[[package]]
name = "vault_allocator"
version = "0.1.0"
dependencies = [
 "alexandria_math",
 "openzeppelin",
 "snforge_std",
]
