lockfileVersion: '9.0'

settings:
  autoInstallPeers: true
  excludeLinksFromLockfile: false

overrides:
  '@strkfarm/sdk': link:../../../Library/pnpm/global/5/node_modules/@strkfarm/sdk

importers:

  .:
    dependencies:
      '@ericnordelo/strk-merkle-tree':
        specifier: ^1.0.0
        version: 1.0.0
      '@noble/curves':
        specifier: ^2.0.0
        version: 2.0.0
      '@strkfarm/sdk':
        specifier: link:../../../Library/pnpm/global/5/node_modules/@strkfarm/sdk
        version: link:../../../Library/pnpm/global/5/node_modules/@strkfarm/sdk
      dotenv:
        specifier: ^17.2.1
        version: 17.2.1
      starknet:
        specifier: 8.5.3
        version: 8.5.3
    devDependencies:
      '@types/node':
        specifier: ^24.3.1
        version: 24.3.1

packages:

  '@ericnordelo/strk-merkle-tree@1.0.0':
    resolution: {integrity: sha512-iKY8uZ84W6pOzUrq09QHb+jRU7LcB8b/h2kpmX1gEVVsGrQI84xqTjVQCyU2Pzl7h8loc3SL835yMUKdoXWjrQ==}

  '@ethersproject/abi@5.8.0':
    resolution: {integrity: sha512-b9YS/43ObplgyV6SlyQsG53/vkSal0MNA1fskSC4mbnCMi8R+NkcH8K9FPYNESf6jUefBUniE4SOKms0E/KK1Q==}

  '@ethersproject/abstract-provider@5.8.0':
    resolution: {integrity: sha512-wC9SFcmh4UK0oKuLJQItoQdzS/qZ51EJegK6EmAWlh+OptpQ/npECOR3QqECd8iGHC0RJb4WKbVdSfif4ammrg==}

  '@ethersproject/abstract-signer@5.8.0':
    resolution: {integrity: sha512-N0XhZTswXcmIZQdYtUnd79VJzvEwXQw6PK0dTl9VoYrEBxxCPXqS0Eod7q5TNKRxe1/5WUMuR0u0nqTF/avdCA==}

  '@ethersproject/address@5.8.0':
    resolution: {integrity: sha512-GhH/abcC46LJwshoN+uBNoKVFPxUuZm6dA257z0vZkKmU1+t8xTn8oK7B9qrj8W2rFRMch4gbJl6PmVxjxBEBA==}

  '@ethersproject/base64@5.8.0':
    resolution: {integrity: sha512-lN0oIwfkYj9LbPx4xEkie6rAMJtySbpOAFXSDVQaBnAzYfB4X2Qr+FXJGxMoc3Bxp2Sm8OwvzMrywxyw0gLjIQ==}

  '@ethersproject/bignumber@5.8.0':
    resolution: {integrity: sha512-ZyaT24bHaSeJon2tGPKIiHszWjD/54Sz8t57Toch475lCLljC6MgPmxk7Gtzz+ddNN5LuHea9qhAe0x3D+uYPA==}

  '@ethersproject/bytes@5.8.0':
    resolution: {integrity: sha512-vTkeohgJVCPVHu5c25XWaWQOZ4v+DkGoC42/TS2ond+PARCxTJvgTFUNDZovyQ/uAQ4EcpqqowKydcdmRKjg7A==}

  '@ethersproject/constants@5.8.0':
    resolution: {integrity: sha512-wigX4lrf5Vu+axVTIvNsuL6YrV4O5AXl5ubcURKMEME5TnWBouUh0CDTWxZ2GpnRn1kcCgE7l8O5+VbV9QTTcg==}

  '@ethersproject/hash@5.8.0':
    resolution: {integrity: sha512-ac/lBcTbEWW/VGJij0CNSw/wPcw9bSRgCB0AIBz8CvED/jfvDoV9hsIIiWfvWmFEi8RcXtlNwp2jv6ozWOsooA==}

  '@ethersproject/keccak256@5.8.0':
    resolution: {integrity: sha512-A1pkKLZSz8pDaQ1ftutZoaN46I6+jvuqugx5KYNeQOPqq+JZ0Txm7dlWesCHB5cndJSu5vP2VKptKf7cksERng==}

  '@ethersproject/logger@5.8.0':
    resolution: {integrity: sha512-Qe6knGmY+zPPWTC+wQrpitodgBfH7XoceCGL5bJVejmH+yCS3R8jJm8iiWuvWbG76RUmyEG53oqv6GMVWqunjA==}

  '@ethersproject/networks@5.8.0':
    resolution: {integrity: sha512-egPJh3aPVAzbHwq8DD7Po53J4OUSsA1MjQp8Vf/OZPav5rlmWUaFLiq8cvQiGK0Z5K6LYzm29+VA/p4RL1FzNg==}

  '@ethersproject/properties@5.8.0':
    resolution: {integrity: sha512-PYuiEoQ+FMaZZNGrStmN7+lWjlsoufGIHdww7454FIaGdbe/p5rnaCXTr5MtBYl3NkeoVhHZuyzChPeGeKIpQw==}

  '@ethersproject/rlp@5.8.0':
    resolution: {integrity: sha512-LqZgAznqDbiEunaUvykH2JAoXTT9NV0Atqk8rQN9nx9SEgThA/WMx5DnW8a9FOufo//6FZOCHZ+XiClzgbqV9Q==}

  '@ethersproject/signing-key@5.8.0':
    resolution: {integrity: sha512-LrPW2ZxoigFi6U6aVkFN/fa9Yx/+4AtIUe4/HACTvKJdhm0eeb107EVCIQcrLZkxaSIgc/eCrX8Q1GtbH+9n3w==}

  '@ethersproject/strings@5.8.0':
    resolution: {integrity: sha512-qWEAk0MAvl0LszjdfnZ2uC8xbR2wdv4cDabyHiBh3Cldq/T8dPH3V4BbBsAYJUeonwD+8afVXld274Ls+Y1xXg==}

  '@ethersproject/transactions@5.8.0':
    resolution: {integrity: sha512-UglxSDjByHG0TuU17bDfCemZ3AnKO2vYrL5/2n2oXvKzvb7Cz+W9gOWXKARjp2URVwcWlQlPOEQyAviKwT4AHg==}

  '@ethersproject/web@5.8.0':
    resolution: {integrity: sha512-j7+Ksi/9KfGviws6Qtf9Q7KCqRhpwrYKQPs+JBA/rKVFF/yaWLHJEH3zfVP2plVu+eys0d2DlFmhoQJayFewcw==}

  '@noble/curves@1.3.0':
    resolution: {integrity: sha512-t01iSXPuN+Eqzb4eBX0S5oubSqXbK/xXa1Ne18Hj8f9pStxztHCE2gfboSp/dZRLSqfuLpRK2nDXDK+W9puocA==}

  '@noble/curves@1.4.2':
    resolution: {integrity: sha512-TavHr8qycMChk8UwMld0ZDRvatedkzWfH8IiaeGCfymOP5i0hSCozz9vHOL0nkwk7HRMlFnAiKpS2jrUmSybcw==}

  '@noble/curves@1.7.0':
    resolution: {integrity: sha512-UTMhXK9SeDhFJVrHeUJ5uZlI6ajXg10O6Ddocf9S6GjbSBVZsJo88HzKwXznNfGpMTRDyJkqMjNDPYgf0qFWnw==}
    engines: {node: ^14.21.3 || >=16}

  '@noble/curves@2.0.0':
    resolution: {integrity: sha512-RiwZZeJnsTnhT+/gg2KvITJZhK5oagQrpZo+yQyd3mv3D5NAG2qEeEHpw7IkXRlpkoD45wl2o4ydHAvY9wyEfw==}
    engines: {node: '>= 20.19.0'}

  '@noble/hashes@1.3.3':
    resolution: {integrity: sha512-V7/fPHgl+jsVPXqqeOzT8egNj2iBIVt+ECeMMG8TdcnTikP3oaBtUVqpT/gYCR68aEBJSF+XbYUxStjbFMqIIA==}
    engines: {node: '>= 16'}

  '@noble/hashes@1.4.0':
    resolution: {integrity: sha512-V1JJ1WTRUqHHrOSh597hURcMqVKVGL/ea3kv0gSnEdsEZ0/+VyPghM1lMNGc00z7CIQorSvbKpuJkxvuHbvdbg==}
    engines: {node: '>= 16'}

  '@noble/hashes@1.6.0':
    resolution: {integrity: sha512-YUULf0Uk4/mAA89w+k3+yUYh6NrEvxZa5T6SY3wlMvE2chHkxFUUIDI8/XW1QSC357iA5pSnqt7XEhvFOqmDyQ==}
    engines: {node: ^14.21.3 || >=16}

  '@noble/hashes@2.0.0':
    resolution: {integrity: sha512-h8VUBlE8R42+XIDO229cgisD287im3kdY6nbNZJFjc6ZvKIXPYXe6Vc/t+kyjFdMFyt5JpapzTsEg8n63w5/lw==}
    engines: {node: '>= 20.19.0'}

  '@scure/base@1.1.9':
    resolution: {integrity: sha512-8YKhl8GHiNI/pU2VMaofa2Tor7PJRAjwQLBBuilkJ9L5+13yVbC7JO/wS7piioAvPSwR3JKM1IJ/u4xQzbcXKg==}

  '@scure/base@1.2.1':
    resolution: {integrity: sha512-DGmGtC8Tt63J5GfHgfl5CuAXh96VF/LD8K9Hr/Gv0J2lAoRGlPOMpqMpMbCTOoOJMZCk2Xt+DskdDyn6dEFdzQ==}

  '@scure/starknet@1.0.0':
    resolution: {integrity: sha512-o5J57zY0f+2IL/mq8+AYJJ4Xpc1fOtDhr+mFQKbHnYFmm3WQrC+8zj2HEgxak1a+x86mhmBC1Kq305KUpVf0wg==}

  '@scure/starknet@1.1.0':
    resolution: {integrity: sha512-83g3M6Ix2qRsPN4wqLDqiRZ2GBNbjVWfboJE/9UjfG+MHr6oDSu/CWgy8hsBSJejr09DkkL+l0Ze4KVrlCIdtQ==}

  '@starknet-io/types-js@0.7.10':
    resolution: {integrity: sha512-1VtCqX4AHWJlRRSYGSn+4X1mqolI1Tdq62IwzoU2vUuEE72S1OlEeGhpvd6XsdqXcfHmVzYfj8k1XtKBQqwo9w==}

  '@starknet-io/types-js@0.8.4':
    resolution: {integrity: sha512-0RZ3TZHcLsUTQaq1JhDSCM8chnzO4/XNsSCozwDET64JK5bjFDIf2ZUkta+tl5Nlbf4usoU7uZiDI/Q57kt2SQ==}

  '@starknet-io/types-js@0.9.1':
    resolution: {integrity: sha512-ngLjOFuWOI4EFij8V+nl5tgHVACr6jqgLNUQbgD+AgnTcAN33SemBPXDIsovwK1Mz1U04Cz3qjDOnTq7067ZQw==}

  '@types/node@24.3.1':
    resolution: {integrity: sha512-3vXmQDXy+woz+gnrTvuvNrPzekOi+Ds0ReMxw0LzBiK3a+1k0kQn9f2NWk+lgD4rJehFUmYy2gMhJ2ZI+7YP9g==}

  abi-wan-kanabi@2.2.4:
    resolution: {integrity: sha512-0aA81FScmJCPX+8UvkXLki3X1+yPQuWxEkqXBVKltgPAK79J+NB+Lp5DouMXa7L6f+zcRlIA/6XO7BN/q9fnvg==}
    hasBin: true

  ansi-regex@5.0.1:
    resolution: {integrity: sha512-quJQXlTSUGL2LH9SUXo8VwsY4soanhgo6LNSm84E1LBcE8s3O0wpdiRzyR9z/ZZJMlMWv37qOOb9pdJlMUEKFQ==}
    engines: {node: '>=8'}

  ansi-styles@4.3.0:
    resolution: {integrity: sha512-zbB9rCJAT1rbjiVDb2hqKFHNYLxgtk8NURxZ3IZwD3F6NtxbXZQCnnSi1Lkx+IDohdPlFp222wVALIheZJQSEg==}
    engines: {node: '>=8'}

  ansicolors@0.3.2:
    resolution: {integrity: sha512-QXu7BPrP29VllRxH8GwB7x5iX5qWKAAMLqKQGWTeLWVlNHNOpVMJ91dsxQAIWXpjuW5wqvxu3Jd/nRjrJ+0pqg==}

  bn.js@4.12.2:
    resolution: {integrity: sha512-n4DSx829VRTRByMRGdjQ9iqsN0Bh4OolPsFnaZBLcbi8iXcB+kJ9s7EnRt4wILZNV3kPLHkRVfOc/HvhC3ovDw==}

  bn.js@5.2.2:
    resolution: {integrity: sha512-v2YAxEmKaBLahNwE1mjp4WON6huMNeuDvagFZW+ASCuA/ku0bXR9hSMw0XpiqMoA3+rmnyck/tPRSFQkoC9Cuw==}

  brorand@1.1.0:
    resolution: {integrity: sha512-cKV8tMCEpQs4hK/ik71d6LrPOnpkpGBR0wzxqr68g2m/LB2GxVYQroAjMJZRVM1Y4BCjCKc3vAamxSzOY2RP+w==}

  cardinal@2.1.1:
    resolution: {integrity: sha512-JSr5eOgoEymtYHBjNWyjrMqet9Am2miJhlfKNdqLp6zoeAh0KN5dRAcxlecj5mAJrmQomgiOBj35xHLrFjqBpw==}
    hasBin: true

  cliui@8.0.1:
    resolution: {integrity: sha512-BSeNnyus75C4//NQ9gQt1/csTXyo/8Sb+afLAkzAptFuMsod9HFokGNudZpi/oQV73hnVK+sR+5PVRMd+Dr7YQ==}
    engines: {node: '>=12'}

  color-convert@2.0.1:
    resolution: {integrity: sha512-RRECPsj7iu/xb5oKYcsFHSppFNnsj/52OVTRKb4zP5onXwVF3zVmmToNcOfGC+CRDpfK/U584fMg38ZHCaElKQ==}
    engines: {node: '>=7.0.0'}

  color-name@1.1.4:
    resolution: {integrity: sha512-dOy+3AuW3a2wNbZHIuMZpTcgjGuLU/uBL/ubcZF9OXbDo8ff4O8yVp5Bf0efS8uEoYo5q4Fx7dY9OgQGXgAsQA==}

  dotenv@17.2.1:
    resolution: {integrity: sha512-kQhDYKZecqnM0fCnzI5eIv5L4cAe/iRI+HqMbO/hbRdTAeXDG+M9FjipUxNfbARuEg4iHIbhnhs78BCHNbSxEQ==}
    engines: {node: '>=12'}

  elliptic@6.6.1:
    resolution: {integrity: sha512-RaddvvMatK2LJHqFJ+YA4WysVN5Ita9E35botqIYspQ4TkRAlCicdzKOjlyv/1Za5RyTNn7di//eEV0uTAfe3g==}

  emoji-regex@8.0.0:
    resolution: {integrity: sha512-MSjYzcWNOA0ewAHpz0MxpYFvwg6yjy1NG3xteoqz644VCo/RPgnr1/GGt+ic3iJTzQ8Eu3TdM14SawnVUmGE6A==}

  escalade@3.2.0:
    resolution: {integrity: sha512-WUj2qlxaQtO4g6Pq5c29GTcWGDyd8itL8zTlipgECz3JesAiiOKotd8JU6otB3PACgG6xkJUyVhboMS+bje/jA==}
    engines: {node: '>=6'}

  esprima@4.0.1:
    resolution: {integrity: sha512-eGuFFw7Upda+g4p+QHvnW0RyTX/SVeJBDM/gCtMARO0cLuT2HcEKnTPvhjV6aGeqrCB/sbNop0Kszm0jsaWU4A==}
    engines: {node: '>=4'}
    hasBin: true

  fetch-cookie@3.0.1:
    resolution: {integrity: sha512-ZGXe8Y5Z/1FWqQ9q/CrJhkUD73DyBU9VF0hBQmEO/wPHe4A9PKTjplFDLeFX8aOsYypZUcX5Ji/eByn3VCVO3Q==}

  fs-extra@10.1.0:
    resolution: {integrity: sha512-oRXApq54ETRj4eMiFzGnHWGy+zo5raudjuxN0b8H7s/RU2oW0Wvsx9O0ACRN/kRq9E8Vu/ReskGB5o3ji+FzHQ==}
    engines: {node: '>=12'}

  get-caller-file@2.0.5:
    resolution: {integrity: sha512-DyFP3BM/3YHTQOCUL/w0OZHR0lpKeGrxotcHWcqNEdnltqFwXVfhEBQ94eIo34AfQpo0rGki4cyIiftY06h2Fg==}
    engines: {node: 6.* || 8.* || >= 10.*}

  get-starknet-core@4.0.0:
    resolution: {integrity: sha512-6pLmidQZkC3wZsrHY99grQHoGpuuXqkbSP65F8ov1/JsEI8DDLkhsAuLCKFzNOK56cJp+f1bWWfTJ57e9r5eqQ==}
    deprecated: Package no longer supported. Please use @starknet-io/get-starknet-core

  graceful-fs@4.2.11:
    resolution: {integrity: sha512-RbJ5/jmFcNNCcDV5o9eTnBLJ/HszWV0P73bc+Ff4nS/rJj+YaS6IGyiOL0VoBYX+l1Wrl3k63h/KrH+nhJ0XvQ==}

  hash.js@1.1.7:
    resolution: {integrity: sha512-taOaskGt4z4SOANNseOviYDvjEJinIkRgmp7LbKP2YTTmVxWBl87s/uzK9r+44BclBSp2X7K1hqeNfz9JbBeXA==}

  hmac-drbg@1.0.1:
    resolution: {integrity: sha512-Tti3gMqLdZfhOQY1Mzf/AanLiqh1WTiJgEj26ZuYQ9fbkLomzGchCws4FyrSd4VkpBfiNhaE1On+lOz894jvXg==}

  inherits@2.0.4:
    resolution: {integrity: sha512-k/vGaX4/Yla3WzyMCvTQOXYeIHvqOKtnqBduzTHpzpQZzAskKMhZ2K+EnBiSM9zGSoIFeMpXKxa4dYeZIQqewQ==}

  is-fullwidth-code-point@3.0.0:
    resolution: {integrity: sha512-zymm5+u+sCsSWyD9qNaejV3DFvhCKclKdizYaJUuHA83RLjb7nSuGnddCHGv0hk+KY7BMAlsWeK4Ueg6EV6XQg==}
    engines: {node: '>=8'}

  isomorphic-fetch@3.0.0:
    resolution: {integrity: sha512-qvUtwJ3j6qwsF3jLxkZ72qCgjMysPzDfeV240JHiGZsANBYd+EEuu35v7dfrJ9Up0Ak07D7GGSkGhCHTqg/5wA==}

  js-sha3@0.8.0:
    resolution: {integrity: sha512-gF1cRrHhIzNfToc802P800N8PpXS+evLLXfsVpowqmAFR9uwbi89WvXg2QspOmXL8QL86J4T1EpFu+yUkwJY3Q==}

  jsonfile@6.2.0:
    resolution: {integrity: sha512-FGuPw30AdOIUTRMC2OMRtQV+jkVj2cfPqSeWXv1NEAJ1qZ5zb1X6z1mFhbfOB/iy3ssJCD+3KuZ8r8C3uVFlAg==}

  lossless-json@4.1.1:
    resolution: {integrity: sha512-HusN80C0ohtT9kOHQH7EuUaqzRQsnekpa+2ot8OzvW0iC08dq/YtM/7uKwwajldQsCrHyC8q9fz3t3L+TmDltA==}

  minimalistic-assert@1.0.1:
    resolution: {integrity: sha512-UtJcAD4yEaGtjPezWuO9wC4nwUnVH/8/Im3yEHQP4b67cXlD/Qr9hdITCU1xDbSEXg2XKNaP8jsReV7vQd00/A==}

  minimalistic-crypto-utils@1.0.1:
    resolution: {integrity: sha512-JIYlbt6g8i5jKfJ3xz7rF0LXmv2TkDxBLUkiBeZ7bAx4GnnNMr8xFpGnOxn6GhTEHx3SjRrZEoU+j04prX1ktg==}

  node-fetch@2.7.0:
    resolution: {integrity: sha512-c4FRfUm/dbcWZ7U+1Wq0AwCyFL+3nt2bEw05wfxSz+DWpWsitgmSgYmy2dQdWyKC1694ELPqMs/YzUSNozLt8A==}
    engines: {node: 4.x || >=6.0.0}
    peerDependencies:
      encoding: ^0.1.0
    peerDependenciesMeta:
      encoding:
        optional: true

  pako@2.1.0:
    resolution: {integrity: sha512-w+eufiZ1WuJYgPXbV/PO3NCMEc3xqylkKHzp8bxp1uW4qaSNQUkwmLLEc3kKsfz8lpV1F8Ht3U1Cm+9Srog2ug==}

  psl@1.15.0:
    resolution: {integrity: sha512-JZd3gMVBAVQkSs6HdNZo9Sdo0LNcQeMNP3CozBJb3JYC/QUYZTnKxP+f8oWRX4rHP5EurWxqAHTSwUCjlNKa1w==}

  punycode@2.3.1:
    resolution: {integrity: sha512-vYt7UD1U9Wg6138shLtLOvdAu+8DsC/ilFtEVHcH+wydcSpNE20AfSOduf6MkRFahL5FY7X1oU7nKVZFtfq8Fg==}
    engines: {node: '>=6'}

  querystringify@2.2.0:
    resolution: {integrity: sha512-FIqgj2EUvTa7R50u0rGsyTftzjYmv/a3hO345bZNrqabNqjtgiDMgmo4mkUjd+nzU5oF3dClKqFIPUKybUyqoQ==}

  redeyed@2.1.1:
    resolution: {integrity: sha512-FNpGGo1DycYAdnrKFxCMmKYgo/mILAqtRYbkdQD8Ep/Hk2PQ5+aEAEx+IU713RTDmuBaH0c8P5ZozurNu5ObRQ==}

  require-directory@2.1.1:
    resolution: {integrity: sha512-fGxEI7+wsG9xrvdjsrlmL22OMTTiHRwAMroiEeMgq8gzoLC/PQr7RsRDSTLUg/bZAZtF+TVIkHc6/4RIKrui+Q==}
    engines: {node: '>=0.10.0'}

  requires-port@1.0.0:
    resolution: {integrity: sha512-KigOCHcocU3XODJxsu8i/j8T9tzT4adHiecwORRQ0ZZFcp7ahwXuRU1m+yuO90C5ZUyGeGfocHDI14M3L3yDAQ==}

  set-cookie-parser@2.7.1:
    resolution: {integrity: sha512-IOc8uWeOZgnb3ptbCURJWNjWUPcO3ZnTTdzsurqERrP6nPyv+paC55vJM0LpOlT2ne+Ix+9+CRG1MNLlyZ4GjQ==}

  starknet@6.11.0:
    resolution: {integrity: sha512-u50KrGDi9fbu1Ogu7ynwF/tSeFlp3mzOg1/Y5x50tYFICImo3OfY4lOz9OtYDk404HK4eUujKkhov9tG7GAKlg==}

  starknet@8.5.3:
    resolution: {integrity: sha512-E0Z4Jk3W0hS8FgMFjS4mPown6zrFfR7rUwGBlskgUc4X7ZqEfOO15s90kXIFI2letcM3bI6APRytYfBMhBKoPQ==}
    engines: {node: '>=22'}

  string-width@4.2.3:
    resolution: {integrity: sha512-wKyQRQpjJ0sIp62ErSZdGsjMJWsap5oRNihHhu6G7JVO/9jIB6UyevL+tXuOqrng8j/cxKTWyWUwvSTriiZz/g==}
    engines: {node: '>=8'}

  strip-ansi@6.0.1:
    resolution: {integrity: sha512-Y38VPSHcqkFrCpFnQ9vuSXmquuv5oXOKpGeT6aGrr3o3Gc9AlVa6JBfUSOCnbxGGZF+/0ooI7KrPuUSztUdU5A==}
    engines: {node: '>=8'}

  tough-cookie@4.1.4:
    resolution: {integrity: sha512-Loo5UUvLD9ScZ6jh8beX1T6sO1w2/MpCRpEP7V280GKMVUQ0Jzar2U3UJPsrdbziLEMMhu3Ujnq//rhiFuIeag==}
    engines: {node: '>=6'}

  tr46@0.0.3:
    resolution: {integrity: sha512-N3WMsuqV66lT30CrXNbEjx4GEwlow3v6rr4mCcv6prnfwhS01rkgyFdjPNBYd9br7LpXV1+Emh01fHnq2Gdgrw==}

  ts-mixer@6.0.4:
    resolution: {integrity: sha512-ufKpbmrugz5Aou4wcr5Wc1UUFWOLhq+Fm6qa6P0w0K5Qw2yhaUoiWszhCVuNQyNwrlGiscHOmqYoAox1PtvgjA==}

  undici-types@7.10.0:
    resolution: {integrity: sha512-t5Fy/nfn+14LuOc2KNYg75vZqClpAiqscVvMygNnlsHBFpSXdJaYtXMcdNLpl/Qvc3P2cB3s6lOV51nqsFq4ag==}

  universalify@0.2.0:
    resolution: {integrity: sha512-CJ1QgKmNg3CwvAv/kOFmtnEN05f0D/cn9QntgNOQlQF9dgvVTHj3t+8JPdjqawCHk7V/KA+fbUqzZ9XWhcqPUg==}
    engines: {node: '>= 4.0.0'}

  universalify@2.0.1:
    resolution: {integrity: sha512-gptHNQghINnc/vTGIk0SOFGFNXw7JVrlRUtConJRlvaw6DuX0wO5Jeko9sWrMBhh+PsYAZ7oXAiOnf/UKogyiw==}
    engines: {node: '>= 10.0.0'}

  url-join@4.0.1:
    resolution: {integrity: sha512-jk1+QP6ZJqyOiuEI9AEWQfju/nB2Pw466kbA0LEZljHwKeMgd9WrAEgEGxjPDD2+TNbbb37rTyhEfrCXfuKXnA==}

  url-parse@1.5.10:
    resolution: {integrity: sha512-WypcfiRhfeUP9vvF0j6rw0J3hrWrw6iZv3+22h6iRMJ/8z1Tj6XfLP4DsUix5MhMPnXpiHDoKyoZ/bdCkwBCiQ==}

  webidl-conversions@3.0.1:
    resolution: {integrity: sha512-2JAn3z8AR6rjK8Sm8orRC0h/bcl/DqL7tRPdGZ4I1CjdF+EaMLmYxBHyXuKL849eucPFhvBoxMsflfOb8kxaeQ==}

  whatwg-fetch@3.6.20:
    resolution: {integrity: sha512-EqhiFU6daOA8kpjOWTL0olhVOF3i7OrFzSYiGsEMB8GcXS+RrzauAERX65xMeNWVqxA6HXH2m69Z9LaKKdisfg==}

  whatwg-url@5.0.0:
    resolution: {integrity: sha512-saE57nupxk6v3HY35+jzBwYa0rKSy0XR8JSxZPwgLr7ys0IBzhGviA1/TUGJLmSVqs8pb9AnvICXEuOHLprYTw==}

  wrap-ansi@7.0.0:
    resolution: {integrity: sha512-YVGIj2kamLSTxw6NsZjoBxfSwsn0ycdesmc4p+Q21c5zPuZ1pl+NfxVdxPtdHvmNVOQ6XSYG4AUtyt/Fi7D16Q==}
    engines: {node: '>=10'}

  y18n@5.0.8:
    resolution: {integrity: sha512-0pfFzegeDWJHJIAmTLRP2DwHjdF5s7jo9tuztdQxAhINCdvS+3nGINqPd00AphqJR/0LhANUS6/+7SCb98YOfA==}
    engines: {node: '>=10'}

  yargs-parser@21.1.1:
    resolution: {integrity: sha512-tVpsJW7DdjecAiFpbIB1e3qxIQsE6NoPc5/eTdrbbIC4h0LVsWhnoa3g+m2HclBIujHzsxZ4VJVA+GUuc2/LBw==}
    engines: {node: '>=12'}

  yargs@17.7.2:
    resolution: {integrity: sha512-7dSzzRQ++CKnNI/krKnYRV7JKKPUXMEh61soaHKg9mrWEhzFWhFnxPxGl+69cD1Ou63C13NUPCnmIcrvqCuM6w==}
    engines: {node: '>=12'}

snapshots:

  '@ericnordelo/strk-merkle-tree@1.0.0':
    dependencies:
      '@ethersproject/abi': 5.8.0
      '@ethersproject/bytes': 5.8.0
      '@ethersproject/constants': 5.8.0
      '@ethersproject/keccak256': 5.8.0
      starknet: 6.11.0
    transitivePeerDependencies:
      - encoding

  '@ethersproject/abi@5.8.0':
    dependencies:
      '@ethersproject/address': 5.8.0
      '@ethersproject/bignumber': 5.8.0
      '@ethersproject/bytes': 5.8.0
      '@ethersproject/constants': 5.8.0
      '@ethersproject/hash': 5.8.0
      '@ethersproject/keccak256': 5.8.0
      '@ethersproject/logger': 5.8.0
      '@ethersproject/properties': 5.8.0
      '@ethersproject/strings': 5.8.0

  '@ethersproject/abstract-provider@5.8.0':
    dependencies:
      '@ethersproject/bignumber': 5.8.0
      '@ethersproject/bytes': 5.8.0
      '@ethersproject/logger': 5.8.0
      '@ethersproject/networks': 5.8.0
      '@ethersproject/properties': 5.8.0
      '@ethersproject/transactions': 5.8.0
      '@ethersproject/web': 5.8.0

  '@ethersproject/abstract-signer@5.8.0':
    dependencies:
      '@ethersproject/abstract-provider': 5.8.0
      '@ethersproject/bignumber': 5.8.0
      '@ethersproject/bytes': 5.8.0
      '@ethersproject/logger': 5.8.0
      '@ethersproject/properties': 5.8.0

  '@ethersproject/address@5.8.0':
    dependencies:
      '@ethersproject/bignumber': 5.8.0
      '@ethersproject/bytes': 5.8.0
      '@ethersproject/keccak256': 5.8.0
      '@ethersproject/logger': 5.8.0
      '@ethersproject/rlp': 5.8.0

  '@ethersproject/base64@5.8.0':
    dependencies:
      '@ethersproject/bytes': 5.8.0

  '@ethersproject/bignumber@5.8.0':
    dependencies:
      '@ethersproject/bytes': 5.8.0
      '@ethersproject/logger': 5.8.0
      bn.js: 5.2.2

  '@ethersproject/bytes@5.8.0':
    dependencies:
      '@ethersproject/logger': 5.8.0

  '@ethersproject/constants@5.8.0':
    dependencies:
      '@ethersproject/bignumber': 5.8.0

  '@ethersproject/hash@5.8.0':
    dependencies:
      '@ethersproject/abstract-signer': 5.8.0
      '@ethersproject/address': 5.8.0
      '@ethersproject/base64': 5.8.0
      '@ethersproject/bignumber': 5.8.0
      '@ethersproject/bytes': 5.8.0
      '@ethersproject/keccak256': 5.8.0
      '@ethersproject/logger': 5.8.0
      '@ethersproject/properties': 5.8.0
      '@ethersproject/strings': 5.8.0

  '@ethersproject/keccak256@5.8.0':
    dependencies:
      '@ethersproject/bytes': 5.8.0
      js-sha3: 0.8.0

  '@ethersproject/logger@5.8.0': {}

  '@ethersproject/networks@5.8.0':
    dependencies:
      '@ethersproject/logger': 5.8.0

  '@ethersproject/properties@5.8.0':
    dependencies:
      '@ethersproject/logger': 5.8.0

  '@ethersproject/rlp@5.8.0':
    dependencies:
      '@ethersproject/bytes': 5.8.0
      '@ethersproject/logger': 5.8.0

  '@ethersproject/signing-key@5.8.0':
    dependencies:
      '@ethersproject/bytes': 5.8.0
      '@ethersproject/logger': 5.8.0
      '@ethersproject/properties': 5.8.0
      bn.js: 5.2.2
      elliptic: 6.6.1
      hash.js: 1.1.7

  '@ethersproject/strings@5.8.0':
    dependencies:
      '@ethersproject/bytes': 5.8.0
      '@ethersproject/constants': 5.8.0
      '@ethersproject/logger': 5.8.0

  '@ethersproject/transactions@5.8.0':
    dependencies:
      '@ethersproject/address': 5.8.0
      '@ethersproject/bignumber': 5.8.0
      '@ethersproject/bytes': 5.8.0
      '@ethersproject/constants': 5.8.0
      '@ethersproject/keccak256': 5.8.0
      '@ethersproject/logger': 5.8.0
      '@ethersproject/properties': 5.8.0
      '@ethersproject/rlp': 5.8.0
      '@ethersproject/signing-key': 5.8.0

  '@ethersproject/web@5.8.0':
    dependencies:
      '@ethersproject/base64': 5.8.0
      '@ethersproject/bytes': 5.8.0
      '@ethersproject/logger': 5.8.0
      '@ethersproject/properties': 5.8.0
      '@ethersproject/strings': 5.8.0

  '@noble/curves@1.3.0':
    dependencies:
      '@noble/hashes': 1.3.3

  '@noble/curves@1.4.2':
    dependencies:
      '@noble/hashes': 1.4.0

  '@noble/curves@1.7.0':
    dependencies:
      '@noble/hashes': 1.6.0

  '@noble/curves@2.0.0':
    dependencies:
      '@noble/hashes': 2.0.0

  '@noble/hashes@1.3.3': {}

  '@noble/hashes@1.4.0': {}

  '@noble/hashes@1.6.0': {}

  '@noble/hashes@2.0.0': {}

  '@scure/base@1.1.9': {}

  '@scure/base@1.2.1': {}

  '@scure/starknet@1.0.0':
    dependencies:
      '@noble/curves': 1.3.0
      '@noble/hashes': 1.3.3

  '@scure/starknet@1.1.0':
    dependencies:
      '@noble/curves': 1.7.0
      '@noble/hashes': 1.6.0

  '@starknet-io/types-js@0.7.10': {}

  '@starknet-io/types-js@0.8.4': {}

  '@starknet-io/types-js@0.9.1': {}

  '@types/node@24.3.1':
    dependencies:
      undici-types: 7.10.0

  abi-wan-kanabi@2.2.4:
    dependencies:
      ansicolors: 0.3.2
      cardinal: 2.1.1
      fs-extra: 10.1.0
      yargs: 17.7.2

  ansi-regex@5.0.1: {}

  ansi-styles@4.3.0:
    dependencies:
      color-convert: 2.0.1

  ansicolors@0.3.2: {}

  bn.js@4.12.2: {}

  bn.js@5.2.2: {}

  brorand@1.1.0: {}

  cardinal@2.1.1:
    dependencies:
      ansicolors: 0.3.2
      redeyed: 2.1.1

  cliui@8.0.1:
    dependencies:
      string-width: 4.2.3
      strip-ansi: 6.0.1
      wrap-ansi: 7.0.0

  color-convert@2.0.1:
    dependencies:
      color-name: 1.1.4

  color-name@1.1.4: {}

  dotenv@17.2.1: {}

  elliptic@6.6.1:
    dependencies:
      bn.js: 4.12.2
      brorand: 1.1.0
      hash.js: 1.1.7
      hmac-drbg: 1.0.1
      inherits: 2.0.4
      minimalistic-assert: 1.0.1
      minimalistic-crypto-utils: 1.0.1

  emoji-regex@8.0.0: {}

  escalade@3.2.0: {}

  esprima@4.0.1: {}

  fetch-cookie@3.0.1:
    dependencies:
      set-cookie-parser: 2.7.1
      tough-cookie: 4.1.4

  fs-extra@10.1.0:
    dependencies:
      graceful-fs: 4.2.11
      jsonfile: 6.2.0
      universalify: 2.0.1

  get-caller-file@2.0.5: {}

  get-starknet-core@4.0.0:
    dependencies:
      '@starknet-io/types-js': 0.7.10

  graceful-fs@4.2.11: {}

  hash.js@1.1.7:
    dependencies:
      inherits: 2.0.4
      minimalistic-assert: 1.0.1

  hmac-drbg@1.0.1:
    dependencies:
      hash.js: 1.1.7
      minimalistic-assert: 1.0.1
      minimalistic-crypto-utils: 1.0.1

  inherits@2.0.4: {}

  is-fullwidth-code-point@3.0.0: {}

  isomorphic-fetch@3.0.0:
    dependencies:
      node-fetch: 2.7.0
      whatwg-fetch: 3.6.20
    transitivePeerDependencies:
      - encoding

  js-sha3@0.8.0: {}

  jsonfile@6.2.0:
    dependencies:
      universalify: 2.0.1
    optionalDependencies:
      graceful-fs: 4.2.11

  lossless-json@4.1.1: {}

  minimalistic-assert@1.0.1: {}

  minimalistic-crypto-utils@1.0.1: {}

  node-fetch@2.7.0:
    dependencies:
      whatwg-url: 5.0.0

  pako@2.1.0: {}

  psl@1.15.0:
    dependencies:
      punycode: 2.3.1

  punycode@2.3.1: {}

  querystringify@2.2.0: {}

  redeyed@2.1.1:
    dependencies:
      esprima: 4.0.1

  require-directory@2.1.1: {}

  requires-port@1.0.0: {}

  set-cookie-parser@2.7.1: {}

  starknet@6.11.0:
    dependencies:
      '@noble/curves': 1.4.2
      '@noble/hashes': 1.6.0
      '@scure/base': 1.1.9
      '@scure/starknet': 1.0.0
      abi-wan-kanabi: 2.2.4
      fetch-cookie: 3.0.1
      get-starknet-core: 4.0.0
      isomorphic-fetch: 3.0.0
      lossless-json: 4.1.1
      pako: 2.1.0
      starknet-types-07: '@starknet-io/types-js@0.7.10'
      ts-mixer: 6.0.4
      url-join: 4.0.1
    transitivePeerDependencies:
      - encoding

  starknet@8.5.3:
    dependencies:
      '@noble/curves': 1.7.0
      '@noble/hashes': 1.6.0
      '@scure/base': 1.2.1
      '@scure/starknet': 1.1.0
      '@starknet-io/starknet-types-08': '@starknet-io/types-js@0.8.4'
      '@starknet-io/starknet-types-09': '@starknet-io/types-js@0.9.1'
      abi-wan-kanabi: 2.2.4
      lossless-json: 4.1.1
      pako: 2.1.0
      ts-mixer: 6.0.4

  string-width@4.2.3:
    dependencies:
      emoji-regex: 8.0.0
      is-fullwidth-code-point: 3.0.0
      strip-ansi: 6.0.1

  strip-ansi@6.0.1:
    dependencies:
      ansi-regex: 5.0.1

  tough-cookie@4.1.4:
    dependencies:
      psl: 1.15.0
      punycode: 2.3.1
      universalify: 0.2.0
      url-parse: 1.5.10

  tr46@0.0.3: {}

  ts-mixer@6.0.4: {}

  undici-types@7.10.0: {}

  universalify@0.2.0: {}

  universalify@2.0.1: {}

  url-join@4.0.1: {}

  url-parse@1.5.10:
    dependencies:
      querystringify: 2.2.0
      requires-port: 1.0.0

  webidl-conversions@3.0.1: {}

  whatwg-fetch@3.6.20: {}

  whatwg-url@5.0.0:
    dependencies:
      tr46: 0.0.3
      webidl-conversions: 3.0.1

  wrap-ansi@7.0.0:
    dependencies:
      ansi-styles: 4.3.0
      string-width: 4.2.3
      strip-ansi: 6.0.1

  y18n@5.0.8: {}

  yargs-parser@21.1.1: {}

  yargs@17.7.2:
    dependencies:
      cliui: 8.0.1
      escalade: 3.2.0
      get-caller-file: 2.0.5
      require-directory: 2.1.1
      string-width: 4.2.3
      y18n: 5.0.8
      yargs-parser: 21.1.1
